
Microsoft Visual Studio Solution File, Format Version 12.00
# Visual Studio Version 16
VisualStudioVersion = 16.0.30428.66
MinimumVisualStudioVersion = 10.0.40219.1
Project("{9A19103F-16F7-4668-BE54-9A1E7A4F7556}") = "CovidDataExtract", "CovidDataExtract\CovidDataExtract.csproj", "{597C1371-525A-46BD-B74A-1EE79A0146E3}"
EndProject
Global
	GlobalSection(SolutionConfigurationPlatforms) = preSolution
		Debug|Any CPU = Debug|Any CPU
		Release|Any CPU = Release|Any CPU
	EndGlobalSection
	GlobalSection(ProjectConfigurationPlatforms) = postSolution
		{597C1371-525A-46BD-B74A-1EE79A0146E3}.Debug|Any CPU.ActiveCfg = Debug|Any CPU
		{597C1371-525A-46BD-B74A-1EE79A0146E3}.Debug|Any CPU.Build.0 = Debug|Any CPU
		{597C1371-525A-46BD-B74A-1EE79A0146E3}.Release|Any CPU.ActiveCfg = Release|Any CPU
		{597C1371-525A-46BD-B74A-1EE79A0146E3}.Release|Any CPU.Build.0 = Release|Any CPU
	EndGlobalSection
	GlobalSection(SolutionProperties) = preSolution
		HideSolutionNode = FALSE
	EndGlobalSection
	GlobalSection(ExtensibilityGlobals) = postSolution
		SolutionGuid = {DF32DB23-89E2-4D4A-AED2-27EA622DB3B9}
	EndGlobalSection
EndGlobal
